
Microsoft Visual Studio Solution File, Format Version 12.00
# Visual Studio Version 16
VisualStudioVersion = 16.0.30011.22
MinimumVisualStudioVersion = 10.0.40219.1
Project("{FAE04EC0-301F-11D3-BF4B-00C04F79EFBC}") = "YouTubePlaylists", "YouTubePlaylists\YouTubePlaylists.csproj", "{F8E2B2BB-16E7-4B50-A696-139CAEAE5A83}"
EndProject
Project("{FAE04EC0-301F-11D3-BF4B-00C04F79EFBC}") = "YouTubePlaylists.Backend", "YouTubePlaylists.Backend\YouTubePlaylists.Backend.csproj", "{960B64D4-3AE2-465C-9CCE-556F74B574CD}"
EndProject
Global
	GlobalSection(SolutionConfigurationPlatforms) = preSolution
		Debug|Any CPU = Debug|Any CPU
		Release|Any CPU = Release|Any CPU
	EndGlobalSection
	GlobalSection(ProjectConfigurationPlatforms) = postSolution
		{F8E2B2BB-16E7-4B50-A696-139CAEAE5A83}.Debug|Any CPU.ActiveCfg = Debug|Any CPU
		{F8E2B2BB-16E7-4B50-A696-139CAEAE5A83}.Debug|Any CPU.Build.0 = Debug|Any CPU
		{F8E2B2BB-16E7-4B50-A696-139CAEAE5A83}.Release|Any CPU.ActiveCfg = Release|Any CPU
		{F8E2B2BB-16E7-4B50-A696-139CAEAE5A83}.Release|Any CPU.Build.0 = Release|Any CPU
		{960B64D4-3AE2-465C-9CCE-556F74B574CD}.Debug|Any CPU.ActiveCfg = Debug|Any CPU
		{960B64D4-3AE2-465C-9CCE-556F74B574CD}.Debug|Any CPU.Build.0 = Debug|Any CPU
		{960B64D4-3AE2-465C-9CCE-556F74B574CD}.Release|Any CPU.ActiveCfg = Release|Any CPU
		{960B64D4-3AE2-465C-9CCE-556F74B574CD}.Release|Any CPU.Build.0 = Release|Any CPU
	EndGlobalSection
	GlobalSection(SolutionProperties) = preSolution
		HideSolutionNode = FALSE
	EndGlobalSection
	GlobalSection(ExtensibilityGlobals) = postSolution
		SolutionGuid = {B3D0231C-2272-49B6-A69B-3D6F7FDA2044}
	EndGlobalSection
EndGlobal
